
Microsoft Visual Studio Solution File, Format Version 12.00
# Visual Studio Version 16
VisualStudioVersion = 16.0.31515.178
MinimumVisualStudioVersion = 10.0.40219.1
Project("{FAE04EC0-301F-11D3-BF4B-00C04F79EFBC}") = "API", "API\API.csproj", "{47F6D714-C561-40DA-8CB1-3CF3D5247D7C}"
EndProject
Global
	GlobalSection(SolutionConfigurationPlatforms) = preSolution
		Debug|Any CPU = Debug|Any CPU
		Release|Any CPU = Release|Any CPU
	EndGlobalSection
	GlobalSection(ProjectConfigurationPlatforms) = postSolution
		{47F6D714-C561-40DA-8CB1-3CF3D5247D7C}.Debug|Any CPU.ActiveCfg = Debug|Any CPU
		{47F6D714-C561-40DA-8CB1-3CF3D5247D7C}.Debug|Any CPU.Build.0 = Debug|Any CPU
		{47F6D714-C561-40DA-8CB1-3CF3D5247D7C}.Release|Any CPU.ActiveCfg = Release|Any CPU
		{47F6D714-C561-40DA-8CB1-3CF3D5247D7C}.Release|Any CPU.Build.0 = Release|Any CPU
	EndGlobalSection
	GlobalSection(SolutionProperties) = preSolution
		HideSolutionNode = FALSE
	EndGlobalSection
	GlobalSection(ExtensibilityGlobals) = postSolution
		SolutionGuid = {E21A6B3F-5E55-4025-858D-77636CFE453D}
	EndGlobalSection
EndGlobal
